
Microsoft Visual Studio Solution File, Format Version 12.00
# Visual Studio 14
VisualStudioVersion = 14.0.25420.1
MinimumVisualStudioVersion = 10.0.40219.1
Project("{2150E333-8FDC-42A3-9474-1A3956D46DE8}") = "src", "src", "{8310E2CB-EC96-436B-94FA-7C6E515C7E28}"
EndProject
Project("{2150E333-8FDC-42A3-9474-1A3956D46DE8}") = "test", "test", "{8D2E0840-4EF5-40C9-9B48-874FEC4E2350}"
EndProject
Project("{2150E333-8FDC-42A3-9474-1A3956D46DE8}") = "Solution Items", "Solution Items", "{30EC2852-97CB-42A7-BF3C-815C5A3EA4E8}"
	ProjectSection(SolutionItems) = preProject
		appveyor.yml = appveyor.yml
		build.cake = build.cake
		Build.ps1 = Build.ps1
		global.json = global.json
	EndProjectSection
EndProject
Project("{FAE04EC0-301F-11D3-BF4B-00C04F79EFBC}") = "AmbientContext", "src\AmbientContext\AmbientContext.csproj", "{2C381E83-9719-4F08-925F-F5C1668A72F0}"
EndProject
Project("{FAE04EC0-301F-11D3-BF4B-00C04F79EFBC}") = "AmbientContext.Tests", "test\AmbientContext.Tests\AmbientContext.Tests.csproj", "{880643B3-A8B5-492E-ADAC-9C17FA522A22}"
EndProject
Global
	GlobalSection(SolutionConfigurationPlatforms) = preSolution
		Debug|Any CPU = Debug|Any CPU
		Release|Any CPU = Release|Any CPU
	EndGlobalSection
	GlobalSection(ProjectConfigurationPlatforms) = postSolution
		{2C381E83-9719-4F08-925F-F5C1668A72F0}.Debug|Any CPU.ActiveCfg = Debug|Any CPU
		{2C381E83-9719-4F08-925F-F5C1668A72F0}.Debug|Any CPU.Build.0 = Debug|Any CPU
		{2C381E83-9719-4F08-925F-F5C1668A72F0}.Release|Any CPU.ActiveCfg = Release|Any CPU
		{2C381E83-9719-4F08-925F-F5C1668A72F0}.Release|Any CPU.Build.0 = Release|Any CPU
		{880643B3-A8B5-492E-ADAC-9C17FA522A22}.Debug|Any CPU.ActiveCfg = Debug|Any CPU
		{880643B3-A8B5-492E-ADAC-9C17FA522A22}.Debug|Any CPU.Build.0 = Debug|Any CPU
		{880643B3-A8B5-492E-ADAC-9C17FA522A22}.Release|Any CPU.ActiveCfg = Release|Any CPU
		{880643B3-A8B5-492E-ADAC-9C17FA522A22}.Release|Any CPU.Build.0 = Release|Any CPU
	EndGlobalSection
	GlobalSection(SolutionProperties) = preSolution
		HideSolutionNode = FALSE
	EndGlobalSection
	GlobalSection(NestedProjects) = preSolution
		{2C381E83-9719-4F08-925F-F5C1668A72F0} = {8310E2CB-EC96-436B-94FA-7C6E515C7E28}
		{880643B3-A8B5-492E-ADAC-9C17FA522A22} = {8D2E0840-4EF5-40C9-9B48-874FEC4E2350}
	EndGlobalSection
EndGlobal
